<?xml version="1.0" encoding="utf-8"?>
<Project ToolsVersion="4.0" xmlns="http://schemas.microsoft.com/developer/msbuild/2003">
  <ItemGroup>
    <Filter Include="Source Files">
      <UniqueIdentifier>{c4997c35-3d43-4acf-8f07-41cfaa6462ea}</UniqueIdentifier>
      <Extensions>cpp;c;cxx;rc;def;r;odl;idl;hpj;bat</Extensions>
    </Filter>
    <Filter Include="Header Files">
      <UniqueIdentifier>{655e016e-4e78-486e-a974-af02696f05f6}</UniqueIdentifier>
      <Extensions>h;hpp;hxx;hm;inl</Extensions>
    </Filter>
    <Filter Include="Resource Files">
      <UniqueIdentifier>{4eb6c527-0f24-48bf-bd98-ebf027dd7006}</UniqueIdentifier>
      <Extensions>ico;cur;bmp;dlg;rc2;rct;bin;rgs;gif;jpg;jpeg;jpe</Extensions>
    </Filter>
  </ItemGroup>
  <ItemGroup>
    <ClCompile Include="AgentSettings.cpp">
      <Filter>Source Files</Filter>
    </ClCompile>
    <ClCompile Include="CredentialsDlg.cpp">
      <Filter>Source Files</Filter>
    </ClCompile>
    <ClCompile Include="DeployingDlg.cpp">
      <Filter>Source Files</Filter>
    </ClCompile>
    <ClCompile Include="ExecCommand.cpp">
      <Filter>Source Files</Filter>
    </ClCompile>
    <ClCompile Include="FileVersion.cpp">
      <Filter>Source Files</Filter>
    </ClCompile>
    <ClCompile Include="LauncherThreadParam.cpp">
      <Filter>Source Files</Filter>
    </ClCompile>
    <ClCompile Include="MyHyperLink.cpp">
      <Filter>Source Files</Filter>
    </ClCompile>
    <ClCompile Include="OCS_DEPLOY_TOOL.cpp">
      <Filter>Source Files</Filter>
    </ClCompile>
    <ClCompile Include="OCS_DEPLOY_TOOLDlg.cpp">
      <Filter>Source Files</Filter>
    </ClCompile>
    <ClCompile Include="SelectHostsDlg.cpp">
      <Filter>Source Files</Filter>
    </ClCompile>
    <ClCompile Include="StdAfx.cpp">
      <Filter>Source Files</Filter>
    </ClCompile>
    <ClCompile Include="ToolsDialog.cpp">
      <Filter>Source Files</Filter>
    </ClCompile>
    <ClCompile Include="UnixAgentSettings.cpp">
      <Filter>Source Files</Filter>
    </ClCompile>
    <ClCompile Include="UnixHostAddressDlg.cpp">
      <Filter>Source Files</Filter>
    </ClCompile>
    <ClCompile Include="UnixSetupDlg.cpp">
      <Filter>Source Files</Filter>
    </ClCompile>
    <ClCompile Include="WinAgentSettings.cpp">
      <Filter>Source Files</Filter>
    </ClCompile>
    <ClCompile Include="WindowsSetupDlg.cpp">
      <Filter>Source Files</Filter>
    </ClCompile>
    <ClCompile Include="WorkerThreadParam.cpp">
      <Filter>Source Files</Filter>
    </ClCompile>
  </ItemGroup>
  <ItemGroup>
    <ClInclude Include="AgentSettings.h">
      <Filter>Header Files</Filter>
    </ClInclude>
    <ClInclude Include="CredentialsDlg.h">
      <Filter>Header Files</Filter>
    </ClInclude>
    <ClInclude Include="DeployingDlg.h">
      <Filter>Header Files</Filter>
    </ClInclude>
    <ClInclude Include="ExecCommand.h">
      <Filter>Header Files</Filter>
    </ClInclude>
    <ClInclude Include="FileVersion.h">
      <Filter>Header Files</Filter>
    </ClInclude>
    <ClInclude Include="LauncherThreadParam.h">
      <Filter>Header Files</Filter>
    </ClInclude>
    <ClInclude Include="MyHyperLink.h">
      <Filter>Header Files</Filter>
    </ClInclude>
    <ClInclude Include="OCS_DEPLOY_TOOL.h">
      <Filter>Header Files</Filter>
    </ClInclude>
    <ClInclude Include="OCS_DEPLOY_TOOLDlg.h">
      <Filter>Header Files</Filter>
    </ClInclude>
    <ClInclude Include="Resource.h">
      <Filter>Header Files</Filter>
    </ClInclude>
    <ClInclude Include="SelectHostsDlg.h">
      <Filter>Header Files</Filter>
    </ClInclude>
    <ClInclude Include="StdAfx.h">
      <Filter>Header Files</Filter>
    </ClInclude>
    <ClInclude Include="ToolsDialog.h">
      <Filter>Header Files</Filter>
    </ClInclude>
    <ClInclude Include="UnixAgentSettings.h">
      <Filter>Header Files</Filter>
    </ClInclude>
    <ClInclude Include="UnixHostAddressDlg.h">
      <Filter>Header Files</Filter>
    </ClInclude>
    <ClInclude Include="UnixSetupDlg.h">
      <Filter>Header Files</Filter>
    </ClInclude>
    <ClInclude Include="WinAgentSettings.h">
      <Filter>Header Files</Filter>
    </ClInclude>
    <ClInclude Include="WindowsSetupDlg.h">
      <Filter>Header Files</Filter>
    </ClInclude>
    <ClInclude Include="WorkerThreadParam.h">
      <Filter>Header Files</Filter>
    </ClInclude>
  </ItemGroup>
  <ItemGroup>
    <ResourceCompile Include="OCS_DEPLOY_TOOL.rc">
      <Filter>Resource Files</Filter>
    </ResourceCompile>
  </ItemGroup>
  <ItemGroup>
    <None Include="res\OCS_DEPLOY_TOOL.rc2">
      <Filter>Resource Files</Filter>
    </None>
  </ItemGroup>
  <ItemGroup>
    <Image Include="res\OCSInventory.ico">
      <Filter>Resource Files</Filter>
    </Image>
  </ItemGroup>
  <ItemGroup>
    <Text Include="ReadMe.txt" />
  </ItemGroup>
</Project>